
Microsoft Visual Studio Solution File, Format Version 12.00
Project("{2150E333-8FDC-42A3-9474-1A3956D46DE8}") = "Week01-1", "Week01-1", "{5551D39F-50EE-4F14-83DC-FF80E70D5E9D}"
EndProject
Project("{2150E333-8FDC-42A3-9474-1A3956D46DE8}") = "Week02-1", "Week02-1", "{B9279060-5AF9-40B5-AF6F-675329209204}"
EndProject
Project("{2150E333-8FDC-42A3-9474-1A3956D46DE8}") = "Week01-2", "Week01-2", "{5FC576D6-8BF5-4E07-BDFD-BD91CFD8EF2B}"
EndProject
Project("{2150E333-8FDC-42A3-9474-1A3956D46DE8}") = "Week03-1", "Week03-1", "{1B5C3DB2-A099-4272-8455-23EDF727B578}"
EndProject
Project("{FAE04EC0-301F-11D3-BF4B-00C04F79EFBC}") = "Te05", "Week03-1\Te05\Te05.csproj", "{A688C497-24FA-4C5D-8F8E-D8F4250FA4A3}"
EndProject
Project("{FAE04EC0-301F-11D3-BF4B-00C04F79EFBC}") = "Te04", "Week03-1\Te04\Te04.csproj", "{6C3002F3-07AA-4F63-8AA6-23B47714AE9A}"
EndProject
Project("{FAE04EC0-301F-11D3-BF4B-00C04F79EFBC}") = "Te03", "Week03-1\Te03\Te03.csproj", "{9317ABBD-6CFF-45D9-86CE-299F90B25551}"
EndProject
Project("{FAE04EC0-301F-11D3-BF4B-00C04F79EFBC}") = "Te06", "Week03-1\Te06\Te06.csproj", "{037CFE93-9F7E-4014-AF0B-C136BB2AC23A}"
EndProject
Project("{FAE04EC0-301F-11D3-BF4B-00C04F79EFBC}") = "Ex01", "Week01-1\Ex01\Ex01.csproj", "{7FEA13F3-2EC4-4058-B7B1-932D72E7BA91}"
EndProject
Project("{FAE04EC0-301F-11D3-BF4B-00C04F79EFBC}") = "Ex01", "Week01-2\Ex01\Ex01.csproj", "{A2DF6BFE-9D38-4C70-A1E5-6260FD00E234}"
EndProject
Project("{FAE04EC0-301F-11D3-BF4B-00C04F79EFBC}") = "Te01", "Week02-1\Te01\Te01.csproj", "{B68F26E6-61DE-46A1-976B-87DDFA55AB6C}"
EndProject
Project("{FAE04EC0-301F-11D3-BF4B-00C04F79EFBC}") = "Te02", "Week02-1\Te02\Te02.csproj", "{4D6A44D1-7897-49A6-92D2-1AECB85CF525}"
EndProject
Project("{FAE04EC0-301F-11D3-BF4B-00C04F79EFBC}") = "Te03", "Week02-1\Te03\Te03.csproj", "{651D32A1-A34C-4674-940A-0938F341492A}"
EndProject
Project("{FAE04EC0-301F-11D3-BF4B-00C04F79EFBC}") = "WindowProgramming-MiyoungShin", "WindowProgramming-MiyoungShin\WindowProgramming-MiyoungShin.csproj", "{F80F77AC-BC7E-4014-8AF9-DC2335BFFB4B}"
EndProject
Project("{FAE04EC0-301F-11D3-BF4B-00C04F79EFBC}") = "Te07", "Week03-1\Te07\Te07.csproj", "{357CAB76-4FC7-420B-903F-7A7784B5C90D}"
EndProject
Project("{FAE04EC0-301F-11D3-BF4B-00C04F79EFBC}") = "Te08", "Week03-1\Te08\Te08.csproj", "{8EE8437F-0BFD-4E7E-96A8-D35A8116299F}"
EndProject
Project("{FAE04EC0-301F-11D3-BF4B-00C04F79EFBC}") = "Te09", "Week03-1\Te09\Te09.csproj", "{8B71E40F-9348-4E03-8DE2-315801F5E158}"
EndProject
Project("{FAE04EC0-301F-11D3-BF4B-00C04F79EFBC}") = "Te10", "Week03-1\Te10\Te10.csproj", "{A4F879F9-F988-495E-8FBA-BA56D1BA0949}"
EndProject
Project("{FAE04EC0-301F-11D3-BF4B-00C04F79EFBC}") = "Te11", "Week03-1\Te11\Te11.csproj", "{0D9805EB-083C-4854-BBA8-B731D9297431}"
EndProject
Project("{2150E333-8FDC-42A3-9474-1A3956D46DE8}") = "Week04-1", "Week04-1", "{9CE8C9F0-CB59-4CF8-AE01-7772ED81D9F0}"
EndProject
Project("{FAE04EC0-301F-11D3-BF4B-00C04F79EFBC}") = "Te03", "Week04-1\Te03\Te03.csproj", "{4018CE6C-2F91-4E55-BAA3-941CAA9C4B77}"
EndProject
Project("{FAE04EC0-301F-11D3-BF4B-00C04F79EFBC}") = "Te04", "Week04-1\Te04\Te04.csproj", "{3478103A-3143-49B1-9417-C8A7D48C18EA}"
EndProject
Project("{FAE04EC0-301F-11D3-BF4B-00C04F79EFBC}") = "Te05", "Week04-1\Te05\Te05.csproj", "{2E22C5DB-6834-4097-89E3-831C6AE2CCFD}"
EndProject
Project("{FAE04EC0-301F-11D3-BF4B-00C04F79EFBC}") = "Te06", "Week04-1\Te06\Te06.csproj", "{D4919DEE-F19B-4BB4-85D5-B4730650D4AC}"
EndProject
Project("{FAE04EC0-301F-11D3-BF4B-00C04F79EFBC}") = "Te07", "Week04-1\Te07\Te07.csproj", "{0FB0DCA8-867F-4BA0-8B65-E16190191EFF}"
EndProject
Project("{FAE04EC0-301F-11D3-BF4B-00C04F79EFBC}") = "Te08", "Week04-1\Te08\Te08.csproj", "{2D7CA225-3ADD-4F2C-90A9-7E22427D9CBC}"
EndProject
Project("{2150E333-8FDC-42A3-9474-1A3956D46DE8}") = "Week05-1", "Week05-1", "{CE05461E-A1D1-40B2-A1F6-DF22A1408EF6}"
EndProject
Project("{FAE04EC0-301F-11D3-BF4B-00C04F79EFBC}") = "Te03", "Week05-1\Te03\Te03.csproj", "{3D4938C5-FFF0-4293-BCBB-BD9902BA4D0F}"
EndProject
Project("{FAE04EC0-301F-11D3-BF4B-00C04F79EFBC}") = "Te04", "Week05-1\Te04\Te04.csproj", "{938BC21A-E31A-4363-80F2-0DBD4F3BFEDC}"
EndProject
Project("{FAE04EC0-301F-11D3-BF4B-00C04F79EFBC}") = "Te05", "Week05-1\Te05\Te05.csproj", "{4197A5AB-511D-47B0-A5FF-5D7E2352CC93}"
EndProject
Project("{FAE04EC0-301F-11D3-BF4B-00C04F79EFBC}") = "Te06", "Week05-1\Te06\Te06.csproj", "{967CD819-8B19-4EFE-B288-04C8D8928284}"
EndProject
Project("{FAE04EC0-301F-11D3-BF4B-00C04F79EFBC}") = "Te08", "Week05-1\Te08\Te08.csproj", "{F31716CA-FF9D-4DC6-BC89-4CDE5C888B67}"
EndProject
Project("{FAE04EC0-301F-11D3-BF4B-00C04F79EFBC}") = "Te09", "Week05-1\Te09\Te09.csproj", "{B8EB866E-3CAF-4FA6-AB15-729FBD29B07A}"
EndProject
Global
	GlobalSection(SolutionConfigurationPlatforms) = preSolution
		Debug|Any CPU = Debug|Any CPU
		Release|Any CPU = Release|Any CPU
	EndGlobalSection
	GlobalSection(ProjectConfigurationPlatforms) = postSolution
		{A688C497-24FA-4C5D-8F8E-D8F4250FA4A3}.Debug|Any CPU.ActiveCfg = Debug|Any CPU
		{A688C497-24FA-4C5D-8F8E-D8F4250FA4A3}.Debug|Any CPU.Build.0 = Debug|Any CPU
		{A688C497-24FA-4C5D-8F8E-D8F4250FA4A3}.Release|Any CPU.ActiveCfg = Release|Any CPU
		{A688C497-24FA-4C5D-8F8E-D8F4250FA4A3}.Release|Any CPU.Build.0 = Release|Any CPU
		{6C3002F3-07AA-4F63-8AA6-23B47714AE9A}.Debug|Any CPU.ActiveCfg = Debug|Any CPU
		{6C3002F3-07AA-4F63-8AA6-23B47714AE9A}.Debug|Any CPU.Build.0 = Debug|Any CPU
		{6C3002F3-07AA-4F63-8AA6-23B47714AE9A}.Release|Any CPU.ActiveCfg = Release|Any CPU
		{6C3002F3-07AA-4F63-8AA6-23B47714AE9A}.Release|Any CPU.Build.0 = Release|Any CPU
		{9317ABBD-6CFF-45D9-86CE-299F90B25551}.Debug|Any CPU.ActiveCfg = Debug|Any CPU
		{9317ABBD-6CFF-45D9-86CE-299F90B25551}.Debug|Any CPU.Build.0 = Debug|Any CPU
		{9317ABBD-6CFF-45D9-86CE-299F90B25551}.Release|Any CPU.ActiveCfg = Release|Any CPU
		{9317ABBD-6CFF-45D9-86CE-299F90B25551}.Release|Any CPU.Build.0 = Release|Any CPU
		{037CFE93-9F7E-4014-AF0B-C136BB2AC23A}.Debug|Any CPU.ActiveCfg = Debug|Any CPU
		{037CFE93-9F7E-4014-AF0B-C136BB2AC23A}.Debug|Any CPU.Build.0 = Debug|Any CPU
		{037CFE93-9F7E-4014-AF0B-C136BB2AC23A}.Release|Any CPU.ActiveCfg = Release|Any CPU
		{037CFE93-9F7E-4014-AF0B-C136BB2AC23A}.Release|Any CPU.Build.0 = Release|Any CPU
		{7FEA13F3-2EC4-4058-B7B1-932D72E7BA91}.Debug|Any CPU.ActiveCfg = Debug|Any CPU
		{7FEA13F3-2EC4-4058-B7B1-932D72E7BA91}.Debug|Any CPU.Build.0 = Debug|Any CPU
		{7FEA13F3-2EC4-4058-B7B1-932D72E7BA91}.Release|Any CPU.ActiveCfg = Release|Any CPU
		{7FEA13F3-2EC4-4058-B7B1-932D72E7BA91}.Release|Any CPU.Build.0 = Release|Any CPU
		{A2DF6BFE-9D38-4C70-A1E5-6260FD00E234}.Debug|Any CPU.ActiveCfg = Debug|Any CPU
		{A2DF6BFE-9D38-4C70-A1E5-6260FD00E234}.Debug|Any CPU.Build.0 = Debug|Any CPU
		{A2DF6BFE-9D38-4C70-A1E5-6260FD00E234}.Release|Any CPU.ActiveCfg = Release|Any CPU
		{A2DF6BFE-9D38-4C70-A1E5-6260FD00E234}.Release|Any CPU.Build.0 = Release|Any CPU
		{B68F26E6-61DE-46A1-976B-87DDFA55AB6C}.Debug|Any CPU.ActiveCfg = Debug|Any CPU
		{B68F26E6-61DE-46A1-976B-87DDFA55AB6C}.Debug|Any CPU.Build.0 = Debug|Any CPU
		{B68F26E6-61DE-46A1-976B-87DDFA55AB6C}.Release|Any CPU.ActiveCfg = Release|Any CPU
		{B68F26E6-61DE-46A1-976B-87DDFA55AB6C}.Release|Any CPU.Build.0 = Release|Any CPU
		{4D6A44D1-7897-49A6-92D2-1AECB85CF525}.Debug|Any CPU.ActiveCfg = Debug|Any CPU
		{4D6A44D1-7897-49A6-92D2-1AECB85CF525}.Debug|Any CPU.Build.0 = Debug|Any CPU
		{4D6A44D1-7897-49A6-92D2-1AECB85CF525}.Release|Any CPU.ActiveCfg = Release|Any CPU
		{4D6A44D1-7897-49A6-92D2-1AECB85CF525}.Release|Any CPU.Build.0 = Release|Any CPU
		{651D32A1-A34C-4674-940A-0938F341492A}.Debug|Any CPU.ActiveCfg = Debug|Any CPU
		{651D32A1-A34C-4674-940A-0938F341492A}.Debug|Any CPU.Build.0 = Debug|Any CPU
		{651D32A1-A34C-4674-940A-0938F341492A}.Release|Any CPU.ActiveCfg = Release|Any CPU
		{651D32A1-A34C-4674-940A-0938F341492A}.Release|Any CPU.Build.0 = Release|Any CPU
		{F80F77AC-BC7E-4014-8AF9-DC2335BFFB4B}.Debug|Any CPU.ActiveCfg = Debug|Any CPU
		{F80F77AC-BC7E-4014-8AF9-DC2335BFFB4B}.Debug|Any CPU.Build.0 = Debug|Any CPU
		{F80F77AC-BC7E-4014-8AF9-DC2335BFFB4B}.Release|Any CPU.ActiveCfg = Release|Any CPU
		{F80F77AC-BC7E-4014-8AF9-DC2335BFFB4B}.Release|Any CPU.Build.0 = Release|Any CPU
		{357CAB76-4FC7-420B-903F-7A7784B5C90D}.Debug|Any CPU.ActiveCfg = Debug|Any CPU
		{357CAB76-4FC7-420B-903F-7A7784B5C90D}.Debug|Any CPU.Build.0 = Debug|Any CPU
		{357CAB76-4FC7-420B-903F-7A7784B5C90D}.Release|Any CPU.ActiveCfg = Release|Any CPU
		{357CAB76-4FC7-420B-903F-7A7784B5C90D}.Release|Any CPU.Build.0 = Release|Any CPU
		{8EE8437F-0BFD-4E7E-96A8-D35A8116299F}.Debug|Any CPU.ActiveCfg = Debug|Any CPU
		{8EE8437F-0BFD-4E7E-96A8-D35A8116299F}.Debug|Any CPU.Build.0 = Debug|Any CPU
		{8EE8437F-0BFD-4E7E-96A8-D35A8116299F}.Release|Any CPU.ActiveCfg = Release|Any CPU
		{8EE8437F-0BFD-4E7E-96A8-D35A8116299F}.Release|Any CPU.Build.0 = Release|Any CPU
		{8B71E40F-9348-4E03-8DE2-315801F5E158}.Debug|Any CPU.ActiveCfg = Debug|Any CPU
		{8B71E40F-9348-4E03-8DE2-315801F5E158}.Debug|Any CPU.Build.0 = Debug|Any CPU
		{8B71E40F-9348-4E03-8DE2-315801F5E158}.Release|Any CPU.ActiveCfg = Release|Any CPU
		{8B71E40F-9348-4E03-8DE2-315801F5E158}.Release|Any CPU.Build.0 = Release|Any CPU
		{A4F879F9-F988-495E-8FBA-BA56D1BA0949}.Debug|Any CPU.ActiveCfg = Debug|Any CPU
		{A4F879F9-F988-495E-8FBA-BA56D1BA0949}.Debug|Any CPU.Build.0 = Debug|Any CPU
		{A4F879F9-F988-495E-8FBA-BA56D1BA0949}.Release|Any CPU.ActiveCfg = Release|Any CPU
		{A4F879F9-F988-495E-8FBA-BA56D1BA0949}.Release|Any CPU.Build.0 = Release|Any CPU
		{0D9805EB-083C-4854-BBA8-B731D9297431}.Debug|Any CPU.ActiveCfg = Debug|Any CPU
		{0D9805EB-083C-4854-BBA8-B731D9297431}.Debug|Any CPU.Build.0 = Debug|Any CPU
		{0D9805EB-083C-4854-BBA8-B731D9297431}.Release|Any CPU.ActiveCfg = Release|Any CPU
		{0D9805EB-083C-4854-BBA8-B731D9297431}.Release|Any CPU.Build.0 = Release|Any CPU
		{4018CE6C-2F91-4E55-BAA3-941CAA9C4B77}.Debug|Any CPU.ActiveCfg = Debug|Any CPU
		{4018CE6C-2F91-4E55-BAA3-941CAA9C4B77}.Debug|Any CPU.Build.0 = Debug|Any CPU
		{4018CE6C-2F91-4E55-BAA3-941CAA9C4B77}.Release|Any CPU.ActiveCfg = Release|Any CPU
		{4018CE6C-2F91-4E55-BAA3-941CAA9C4B77}.Release|Any CPU.Build.0 = Release|Any CPU
		{3478103A-3143-49B1-9417-C8A7D48C18EA}.Debug|Any CPU.ActiveCfg = Debug|Any CPU
		{3478103A-3143-49B1-9417-C8A7D48C18EA}.Debug|Any CPU.Build.0 = Debug|Any CPU
		{3478103A-3143-49B1-9417-C8A7D48C18EA}.Release|Any CPU.ActiveCfg = Release|Any CPU
		{3478103A-3143-49B1-9417-C8A7D48C18EA}.Release|Any CPU.Build.0 = Release|Any CPU
		{2E22C5DB-6834-4097-89E3-831C6AE2CCFD}.Debug|Any CPU.ActiveCfg = Debug|Any CPU
		{2E22C5DB-6834-4097-89E3-831C6AE2CCFD}.Debug|Any CPU.Build.0 = Debug|Any CPU
		{2E22C5DB-6834-4097-89E3-831C6AE2CCFD}.Release|Any CPU.ActiveCfg = Release|Any CPU
		{2E22C5DB-6834-4097-89E3-831C6AE2CCFD}.Release|Any CPU.Build.0 = Release|Any CPU
		{D4919DEE-F19B-4BB4-85D5-B4730650D4AC}.Debug|Any CPU.ActiveCfg = Debug|Any CPU
		{D4919DEE-F19B-4BB4-85D5-B4730650D4AC}.Debug|Any CPU.Build.0 = Debug|Any CPU
		{D4919DEE-F19B-4BB4-85D5-B4730650D4AC}.Release|Any CPU.ActiveCfg = Release|Any CPU
		{D4919DEE-F19B-4BB4-85D5-B4730650D4AC}.Release|Any CPU.Build.0 = Release|Any CPU
		{0FB0DCA8-867F-4BA0-8B65-E16190191EFF}.Debug|Any CPU.ActiveCfg = Debug|Any CPU
		{0FB0DCA8-867F-4BA0-8B65-E16190191EFF}.Debug|Any CPU.Build.0 = Debug|Any CPU
		{0FB0DCA8-867F-4BA0-8B65-E16190191EFF}.Release|Any CPU.ActiveCfg = Release|Any CPU
		{0FB0DCA8-867F-4BA0-8B65-E16190191EFF}.Release|Any CPU.Build.0 = Release|Any CPU
		{2D7CA225-3ADD-4F2C-90A9-7E22427D9CBC}.Debug|Any CPU.ActiveCfg = Debug|Any CPU
		{2D7CA225-3ADD-4F2C-90A9-7E22427D9CBC}.Debug|Any CPU.Build.0 = Debug|Any CPU
		{2D7CA225-3ADD-4F2C-90A9-7E22427D9CBC}.Release|Any CPU.ActiveCfg = Release|Any CPU
		{2D7CA225-3ADD-4F2C-90A9-7E22427D9CBC}.Release|Any CPU.Build.0 = Release|Any CPU
		{3D4938C5-FFF0-4293-BCBB-BD9902BA4D0F}.Debug|Any CPU.ActiveCfg = Debug|Any CPU
		{3D4938C5-FFF0-4293-BCBB-BD9902BA4D0F}.Debug|Any CPU.Build.0 = Debug|Any CPU
		{3D4938C5-FFF0-4293-BCBB-BD9902BA4D0F}.Release|Any CPU.ActiveCfg = Release|Any CPU
		{3D4938C5-FFF0-4293-BCBB-BD9902BA4D0F}.Release|Any CPU.Build.0 = Release|Any CPU
		{938BC21A-E31A-4363-80F2-0DBD4F3BFEDC}.Debug|Any CPU.ActiveCfg = Debug|Any CPU
		{938BC21A-E31A-4363-80F2-0DBD4F3BFEDC}.Debug|Any CPU.Build.0 = Debug|Any CPU
		{938BC21A-E31A-4363-80F2-0DBD4F3BFEDC}.Release|Any CPU.ActiveCfg = Release|Any CPU
		{938BC21A-E31A-4363-80F2-0DBD4F3BFEDC}.Release|Any CPU.Build.0 = Release|Any CPU
		{4197A5AB-511D-47B0-A5FF-5D7E2352CC93}.Debug|Any CPU.ActiveCfg = Debug|Any CPU
		{4197A5AB-511D-47B0-A5FF-5D7E2352CC93}.Debug|Any CPU.Build.0 = Debug|Any CPU
		{4197A5AB-511D-47B0-A5FF-5D7E2352CC93}.Release|Any CPU.ActiveCfg = Release|Any CPU
		{4197A5AB-511D-47B0-A5FF-5D7E2352CC93}.Release|Any CPU.Build.0 = Release|Any CPU
		{967CD819-8B19-4EFE-B288-04C8D8928284}.Debug|Any CPU.ActiveCfg = Debug|Any CPU
		{967CD819-8B19-4EFE-B288-04C8D8928284}.Debug|Any CPU.Build.0 = Debug|Any CPU
		{967CD819-8B19-4EFE-B288-04C8D8928284}.Release|Any CPU.ActiveCfg = Release|Any CPU
		{967CD819-8B19-4EFE-B288-04C8D8928284}.Release|Any CPU.Build.0 = Release|Any CPU
		{F31716CA-FF9D-4DC6-BC89-4CDE5C888B67}.Debug|Any CPU.ActiveCfg = Debug|Any CPU
		{F31716CA-FF9D-4DC6-BC89-4CDE5C888B67}.Debug|Any CPU.Build.0 = Debug|Any CPU
		{F31716CA-FF9D-4DC6-BC89-4CDE5C888B67}.Release|Any CPU.ActiveCfg = Release|Any CPU
		{F31716CA-FF9D-4DC6-BC89-4CDE5C888B67}.Release|Any CPU.Build.0 = Release|Any CPU
		{B8EB866E-3CAF-4FA6-AB15-729FBD29B07A}.Debug|Any CPU.ActiveCfg = Debug|Any CPU
		{B8EB866E-3CAF-4FA6-AB15-729FBD29B07A}.Debug|Any CPU.Build.0 = Debug|Any CPU
		{B8EB866E-3CAF-4FA6-AB15-729FBD29B07A}.Release|Any CPU.ActiveCfg = Release|Any CPU
		{B8EB866E-3CAF-4FA6-AB15-729FBD29B07A}.Release|Any CPU.Build.0 = Release|Any CPU
	EndGlobalSection
	GlobalSection(NestedProjects) = preSolution
		{A688C497-24FA-4C5D-8F8E-D8F4250FA4A3} = {1B5C3DB2-A099-4272-8455-23EDF727B578}
		{6C3002F3-07AA-4F63-8AA6-23B47714AE9A} = {1B5C3DB2-A099-4272-8455-23EDF727B578}
		{9317ABBD-6CFF-45D9-86CE-299F90B25551} = {1B5C3DB2-A099-4272-8455-23EDF727B578}
		{037CFE93-9F7E-4014-AF0B-C136BB2AC23A} = {1B5C3DB2-A099-4272-8455-23EDF727B578}
		{7FEA13F3-2EC4-4058-B7B1-932D72E7BA91} = {5551D39F-50EE-4F14-83DC-FF80E70D5E9D}
		{A2DF6BFE-9D38-4C70-A1E5-6260FD00E234} = {5FC576D6-8BF5-4E07-BDFD-BD91CFD8EF2B}
		{B68F26E6-61DE-46A1-976B-87DDFA55AB6C} = {B9279060-5AF9-40B5-AF6F-675329209204}
		{4D6A44D1-7897-49A6-92D2-1AECB85CF525} = {B9279060-5AF9-40B5-AF6F-675329209204}
		{651D32A1-A34C-4674-940A-0938F341492A} = {B9279060-5AF9-40B5-AF6F-675329209204}
		{357CAB76-4FC7-420B-903F-7A7784B5C90D} = {1B5C3DB2-A099-4272-8455-23EDF727B578}
		{8EE8437F-0BFD-4E7E-96A8-D35A8116299F} = {1B5C3DB2-A099-4272-8455-23EDF727B578}
		{8B71E40F-9348-4E03-8DE2-315801F5E158} = {1B5C3DB2-A099-4272-8455-23EDF727B578}
		{A4F879F9-F988-495E-8FBA-BA56D1BA0949} = {1B5C3DB2-A099-4272-8455-23EDF727B578}
		{0D9805EB-083C-4854-BBA8-B731D9297431} = {1B5C3DB2-A099-4272-8455-23EDF727B578}
		{4018CE6C-2F91-4E55-BAA3-941CAA9C4B77} = {9CE8C9F0-CB59-4CF8-AE01-7772ED81D9F0}
		{3478103A-3143-49B1-9417-C8A7D48C18EA} = {9CE8C9F0-CB59-4CF8-AE01-7772ED81D9F0}
		{2E22C5DB-6834-4097-89E3-831C6AE2CCFD} = {9CE8C9F0-CB59-4CF8-AE01-7772ED81D9F0}
		{D4919DEE-F19B-4BB4-85D5-B4730650D4AC} = {9CE8C9F0-CB59-4CF8-AE01-7772ED81D9F0}
		{0FB0DCA8-867F-4BA0-8B65-E16190191EFF} = {9CE8C9F0-CB59-4CF8-AE01-7772ED81D9F0}
		{2D7CA225-3ADD-4F2C-90A9-7E22427D9CBC} = {9CE8C9F0-CB59-4CF8-AE01-7772ED81D9F0}
		{3D4938C5-FFF0-4293-BCBB-BD9902BA4D0F} = {CE05461E-A1D1-40B2-A1F6-DF22A1408EF6}
		{938BC21A-E31A-4363-80F2-0DBD4F3BFEDC} = {CE05461E-A1D1-40B2-A1F6-DF22A1408EF6}
		{4197A5AB-511D-47B0-A5FF-5D7E2352CC93} = {CE05461E-A1D1-40B2-A1F6-DF22A1408EF6}
		{967CD819-8B19-4EFE-B288-04C8D8928284} = {CE05461E-A1D1-40B2-A1F6-DF22A1408EF6}
		{F31716CA-FF9D-4DC6-BC89-4CDE5C888B67} = {CE05461E-A1D1-40B2-A1F6-DF22A1408EF6}
		{B8EB866E-3CAF-4FA6-AB15-729FBD29B07A} = {CE05461E-A1D1-40B2-A1F6-DF22A1408EF6}
	EndGlobalSection
EndGlobal
