
Microsoft Visual Studio Solution File, Format Version 12.00
Project("{2150E333-8FDC-42A3-9474-1A3956D46DE8}") = "Week01-1", "Week01-1", "{5551D39F-50EE-4F14-83DC-FF80E70D5E9D}"
EndProject
Project("{2150E333-8FDC-42A3-9474-1A3956D46DE8}") = "Week02-1", "Week02-1", "{B9279060-5AF9-40B5-AF6F-675329209204}"
EndProject
Project("{2150E333-8FDC-42A3-9474-1A3956D46DE8}") = "Week01-2", "Week01-2", "{5FC576D6-8BF5-4E07-BDFD-BD91CFD8EF2B}"
EndProject
Project("{2150E333-8FDC-42A3-9474-1A3956D46DE8}") = "Week03-1", "Week03-1", "{1B5C3DB2-A099-4272-8455-23EDF727B578}"
EndProject
Project("{FAE04EC0-301F-11D3-BF4B-00C04F79EFBC}") = "Te05", "Week03-1\Te05\Te05.csproj", "{A688C497-24FA-4C5D-8F8E-D8F4250FA4A3}"
EndProject
Project("{FAE04EC0-301F-11D3-BF4B-00C04F79EFBC}") = "Te04", "Week03-1\Te04\Te04.csproj", "{6C3002F3-07AA-4F63-8AA6-23B47714AE9A}"
EndProject
Project("{FAE04EC0-301F-11D3-BF4B-00C04F79EFBC}") = "Te03", "Week03-1\Te03\Te03.csproj", "{9317ABBD-6CFF-45D9-86CE-299F90B25551}"
EndProject
Project("{FAE04EC0-301F-11D3-BF4B-00C04F79EFBC}") = "Te06", "Week03-1\Te06\Te06.csproj", "{037CFE93-9F7E-4014-AF0B-C136BB2AC23A}"
EndProject
Project("{FAE04EC0-301F-11D3-BF4B-00C04F79EFBC}") = "Ex01", "Week01-1\Ex01\Ex01.csproj", "{7FEA13F3-2EC4-4058-B7B1-932D72E7BA91}"
EndProject
Project("{FAE04EC0-301F-11D3-BF4B-00C04F79EFBC}") = "Ex01", "Week01-2\Ex01\Ex01.csproj", "{A2DF6BFE-9D38-4C70-A1E5-6260FD00E234}"
EndProject
Project("{FAE04EC0-301F-11D3-BF4B-00C04F79EFBC}") = "Te01", "Week02-1\Te01\Te01.csproj", "{B68F26E6-61DE-46A1-976B-87DDFA55AB6C}"
EndProject
Project("{FAE04EC0-301F-11D3-BF4B-00C04F79EFBC}") = "Te02", "Week02-1\Te02\Te02.csproj", "{4D6A44D1-7897-49A6-92D2-1AECB85CF525}"
EndProject
Project("{FAE04EC0-301F-11D3-BF4B-00C04F79EFBC}") = "Te03", "Week02-1\Te03\Te03.csproj", "{651D32A1-A34C-4674-940A-0938F341492A}"
EndProject
Project("{FAE04EC0-301F-11D3-BF4B-00C04F79EFBC}") = "WindowProgramming-MiyoungShin", "WindowProgramming-MiyoungShin\WindowProgramming-MiyoungShin.csproj", "{F80F77AC-BC7E-4014-8AF9-DC2335BFFB4B}"
EndProject
Project("{FAE04EC0-301F-11D3-BF4B-00C04F79EFBC}") = "Te07", "Week03-1\Te07\Te07.csproj", "{357CAB76-4FC7-420B-903F-7A7784B5C90D}"
EndProject
Project("{FAE04EC0-301F-11D3-BF4B-00C04F79EFBC}") = "Te08", "Week03-1\Te08\Te08.csproj", "{8EE8437F-0BFD-4E7E-96A8-D35A8116299F}"
EndProject
Global
	GlobalSection(SolutionConfigurationPlatforms) = preSolution
		Debug|Any CPU = Debug|Any CPU
		Release|Any CPU = Release|Any CPU
	EndGlobalSection
	GlobalSection(ProjectConfigurationPlatforms) = postSolution
		{A688C497-24FA-4C5D-8F8E-D8F4250FA4A3}.Debug|Any CPU.ActiveCfg = Debug|Any CPU
		{A688C497-24FA-4C5D-8F8E-D8F4250FA4A3}.Debug|Any CPU.Build.0 = Debug|Any CPU
		{A688C497-24FA-4C5D-8F8E-D8F4250FA4A3}.Release|Any CPU.ActiveCfg = Release|Any CPU
		{A688C497-24FA-4C5D-8F8E-D8F4250FA4A3}.Release|Any CPU.Build.0 = Release|Any CPU
		{6C3002F3-07AA-4F63-8AA6-23B47714AE9A}.Debug|Any CPU.ActiveCfg = Debug|Any CPU
		{6C3002F3-07AA-4F63-8AA6-23B47714AE9A}.Debug|Any CPU.Build.0 = Debug|Any CPU
		{6C3002F3-07AA-4F63-8AA6-23B47714AE9A}.Release|Any CPU.ActiveCfg = Release|Any CPU
		{6C3002F3-07AA-4F63-8AA6-23B47714AE9A}.Release|Any CPU.Build.0 = Release|Any CPU
		{9317ABBD-6CFF-45D9-86CE-299F90B25551}.Debug|Any CPU.ActiveCfg = Debug|Any CPU
		{9317ABBD-6CFF-45D9-86CE-299F90B25551}.Debug|Any CPU.Build.0 = Debug|Any CPU
		{9317ABBD-6CFF-45D9-86CE-299F90B25551}.Release|Any CPU.ActiveCfg = Release|Any CPU
		{9317ABBD-6CFF-45D9-86CE-299F90B25551}.Release|Any CPU.Build.0 = Release|Any CPU
		{037CFE93-9F7E-4014-AF0B-C136BB2AC23A}.Debug|Any CPU.ActiveCfg = Debug|Any CPU
		{037CFE93-9F7E-4014-AF0B-C136BB2AC23A}.Debug|Any CPU.Build.0 = Debug|Any CPU
		{037CFE93-9F7E-4014-AF0B-C136BB2AC23A}.Release|Any CPU.ActiveCfg = Release|Any CPU
		{037CFE93-9F7E-4014-AF0B-C136BB2AC23A}.Release|Any CPU.Build.0 = Release|Any CPU
		{7FEA13F3-2EC4-4058-B7B1-932D72E7BA91}.Debug|Any CPU.ActiveCfg = Debug|Any CPU
		{7FEA13F3-2EC4-4058-B7B1-932D72E7BA91}.Debug|Any CPU.Build.0 = Debug|Any CPU
		{7FEA13F3-2EC4-4058-B7B1-932D72E7BA91}.Release|Any CPU.ActiveCfg = Release|Any CPU
		{7FEA13F3-2EC4-4058-B7B1-932D72E7BA91}.Release|Any CPU.Build.0 = Release|Any CPU
		{A2DF6BFE-9D38-4C70-A1E5-6260FD00E234}.Debug|Any CPU.ActiveCfg = Debug|Any CPU
		{A2DF6BFE-9D38-4C70-A1E5-6260FD00E234}.Debug|Any CPU.Build.0 = Debug|Any CPU
		{A2DF6BFE-9D38-4C70-A1E5-6260FD00E234}.Release|Any CPU.ActiveCfg = Release|Any CPU
		{A2DF6BFE-9D38-4C70-A1E5-6260FD00E234}.Release|Any CPU.Build.0 = Release|Any CPU
		{B68F26E6-61DE-46A1-976B-87DDFA55AB6C}.Debug|Any CPU.ActiveCfg = Debug|Any CPU
		{B68F26E6-61DE-46A1-976B-87DDFA55AB6C}.Debug|Any CPU.Build.0 = Debug|Any CPU
		{B68F26E6-61DE-46A1-976B-87DDFA55AB6C}.Release|Any CPU.ActiveCfg = Release|Any CPU
		{B68F26E6-61DE-46A1-976B-87DDFA55AB6C}.Release|Any CPU.Build.0 = Release|Any CPU
		{4D6A44D1-7897-49A6-92D2-1AECB85CF525}.Debug|Any CPU.ActiveCfg = Debug|Any CPU
		{4D6A44D1-7897-49A6-92D2-1AECB85CF525}.Debug|Any CPU.Build.0 = Debug|Any CPU
		{4D6A44D1-7897-49A6-92D2-1AECB85CF525}.Release|Any CPU.ActiveCfg = Release|Any CPU
		{4D6A44D1-7897-49A6-92D2-1AECB85CF525}.Release|Any CPU.Build.0 = Release|Any CPU
		{651D32A1-A34C-4674-940A-0938F341492A}.Debug|Any CPU.ActiveCfg = Debug|Any CPU
		{651D32A1-A34C-4674-940A-0938F341492A}.Debug|Any CPU.Build.0 = Debug|Any CPU
		{651D32A1-A34C-4674-940A-0938F341492A}.Release|Any CPU.ActiveCfg = Release|Any CPU
		{651D32A1-A34C-4674-940A-0938F341492A}.Release|Any CPU.Build.0 = Release|Any CPU
		{F80F77AC-BC7E-4014-8AF9-DC2335BFFB4B}.Debug|Any CPU.ActiveCfg = Debug|Any CPU
		{F80F77AC-BC7E-4014-8AF9-DC2335BFFB4B}.Debug|Any CPU.Build.0 = Debug|Any CPU
		{F80F77AC-BC7E-4014-8AF9-DC2335BFFB4B}.Release|Any CPU.ActiveCfg = Release|Any CPU
		{F80F77AC-BC7E-4014-8AF9-DC2335BFFB4B}.Release|Any CPU.Build.0 = Release|Any CPU
		{357CAB76-4FC7-420B-903F-7A7784B5C90D}.Debug|Any CPU.ActiveCfg = Debug|Any CPU
		{357CAB76-4FC7-420B-903F-7A7784B5C90D}.Debug|Any CPU.Build.0 = Debug|Any CPU
		{357CAB76-4FC7-420B-903F-7A7784B5C90D}.Release|Any CPU.ActiveCfg = Release|Any CPU
		{357CAB76-4FC7-420B-903F-7A7784B5C90D}.Release|Any CPU.Build.0 = Release|Any CPU
		{8EE8437F-0BFD-4E7E-96A8-D35A8116299F}.Debug|Any CPU.ActiveCfg = Debug|Any CPU
		{8EE8437F-0BFD-4E7E-96A8-D35A8116299F}.Debug|Any CPU.Build.0 = Debug|Any CPU
		{8EE8437F-0BFD-4E7E-96A8-D35A8116299F}.Release|Any CPU.ActiveCfg = Release|Any CPU
		{8EE8437F-0BFD-4E7E-96A8-D35A8116299F}.Release|Any CPU.Build.0 = Release|Any CPU
	EndGlobalSection
	GlobalSection(NestedProjects) = preSolution
		{A688C497-24FA-4C5D-8F8E-D8F4250FA4A3} = {1B5C3DB2-A099-4272-8455-23EDF727B578}
		{6C3002F3-07AA-4F63-8AA6-23B47714AE9A} = {1B5C3DB2-A099-4272-8455-23EDF727B578}
		{9317ABBD-6CFF-45D9-86CE-299F90B25551} = {1B5C3DB2-A099-4272-8455-23EDF727B578}
		{037CFE93-9F7E-4014-AF0B-C136BB2AC23A} = {1B5C3DB2-A099-4272-8455-23EDF727B578}
		{7FEA13F3-2EC4-4058-B7B1-932D72E7BA91} = {5551D39F-50EE-4F14-83DC-FF80E70D5E9D}
		{A2DF6BFE-9D38-4C70-A1E5-6260FD00E234} = {5FC576D6-8BF5-4E07-BDFD-BD91CFD8EF2B}
		{B68F26E6-61DE-46A1-976B-87DDFA55AB6C} = {B9279060-5AF9-40B5-AF6F-675329209204}
		{4D6A44D1-7897-49A6-92D2-1AECB85CF525} = {B9279060-5AF9-40B5-AF6F-675329209204}
		{651D32A1-A34C-4674-940A-0938F341492A} = {B9279060-5AF9-40B5-AF6F-675329209204}
		{357CAB76-4FC7-420B-903F-7A7784B5C90D} = {1B5C3DB2-A099-4272-8455-23EDF727B578}
		{8EE8437F-0BFD-4E7E-96A8-D35A8116299F} = {1B5C3DB2-A099-4272-8455-23EDF727B578}
	EndGlobalSection
EndGlobal
