
Microsoft Visual Studio Solution File, Format Version 12.00
# Visual Studio Version 17
VisualStudioVersion = 17.5.002.0
MinimumVisualStudioVersion = 10.0.40219.1
Project("{9A19103F-16F7-4668-BE54-9A1E7A4F7556}") = "SWD4CS", "SWD4CS-main\SWD4CS.csproj", "{0C43759C-3ACF-43FD-B7D0-A03E75CDA760}"
EndProject
Project("{2150E333-8FDC-42A3-9474-1A3956D46DE8}") = "Mid", "Mid", "{6A8148E0-EB68-4437-A47E-3B27FBE23CFD}"
EndProject
Project("{2150E333-8FDC-42A3-9474-1A3956D46DE8}") = "Week01-2", "Week01-2", "{2FC3254F-38A2-42CC-BF5D-8E8F09087071}"
EndProject
Project("{9A19103F-16F7-4668-BE54-9A1E7A4F7556}") = "Ex01", "Mid\Week01-2\Ex01\Ex01.csproj", "{E4AA4D3D-CB77-463C-8F90-A13179E404A6}"
EndProject
Project("{2150E333-8FDC-42A3-9474-1A3956D46DE8}") = "Week02-1", "Week02-1", "{9AE04E09-D5E8-424A-817C-2283A924C8B4}"
EndProject
Project("{9A19103F-16F7-4668-BE54-9A1E7A4F7556}") = "Ex01", "Mid\Week02-1\Ex01\Ex01.csproj", "{576DD78D-7A33-4921-8A97-938E8E199F77}"
EndProject
Project("{9A19103F-16F7-4668-BE54-9A1E7A4F7556}") = "Ex02", "Mid\Week02-1\Ex02\Ex02.csproj", "{65BF972D-6D23-4A18-B6AD-73877E44635A}"
EndProject
Project("{9A19103F-16F7-4668-BE54-9A1E7A4F7556}") = "Ex03", "Mid\Week02-1\Ex03\Ex03.csproj", "{C6DA21B1-A542-4F72-93D1-4179B786714C}"
EndProject
Project("{2150E333-8FDC-42A3-9474-1A3956D46DE8}") = "Week03-1", "Week03-1", "{322D0AF4-0AAB-4CAA-BA5E-B527A31C49BA}"
EndProject
Project("{9A19103F-16F7-4668-BE54-9A1E7A4F7556}") = "Ex03", "Mid\Week03-1\Ex03\Ex03.csproj", "{95D88CDA-3C83-449C-8B9A-348F5B62E105}"
EndProject
Project("{9A19103F-16F7-4668-BE54-9A1E7A4F7556}") = "Ex04", "Mid\Week03-1\Ex04\Ex04.csproj", "{DA0FAACE-2680-44D5-817C-31515ED2C7AD}"
EndProject
Project("{9A19103F-16F7-4668-BE54-9A1E7A4F7556}") = "Ex05", "Mid\Week03-1\Ex05\Ex05.csproj", "{F27AB708-0D93-47B4-9DB2-3B5C9D3863BC}"
EndProject
Project("{9A19103F-16F7-4668-BE54-9A1E7A4F7556}") = "Ex06", "Mid\Week03-1\Ex06\Ex06.csproj", "{DA546D7D-F978-4D53-B3D8-66777C09CAB6}"
EndProject
Project("{9A19103F-16F7-4668-BE54-9A1E7A4F7556}") = "Ex07", "Mid\Week03-1\Ex07\Ex07.csproj", "{5BECF27D-9AB2-4546-B287-5872B014F1C3}"
EndProject
Project("{9A19103F-16F7-4668-BE54-9A1E7A4F7556}") = "Ex08", "Mid\Week03-1\Ex08\Ex08.csproj", "{AF04976D-815E-4D79-BC7E-F31537BCA271}"
EndProject
Project("{9A19103F-16F7-4668-BE54-9A1E7A4F7556}") = "Ex09", "Mid\Week03-1\Ex09\Ex09.csproj", "{6FBE5D3D-4D49-4BB8-9C35-60D1324E90CD}"
EndProject
Project("{9A19103F-16F7-4668-BE54-9A1E7A4F7556}") = "Ex10", "Mid\Week03-1\Ex10\Ex10.csproj", "{551A99DD-446C-4ED3-922E-02A5B96C66B7}"
EndProject
Project("{9A19103F-16F7-4668-BE54-9A1E7A4F7556}") = "Ex11", "Mid\Week03-1\Ex11\Ex11.csproj", "{C017C815-EE5A-4CE0-A731-F1EFC61ADB28}"
EndProject
Project("{2150E333-8FDC-42A3-9474-1A3956D46DE8}") = "Week04-1", "Week04-1", "{E9EF9C4D-089A-4293-A616-7BC40C473DBA}"
EndProject
Project("{9A19103F-16F7-4668-BE54-9A1E7A4F7556}") = "Ex03", "Mid\Week04-1\Ex03\Ex03.csproj", "{CC14EA7E-BE2C-4DC1-8D25-DA79CD43E54B}"
EndProject
Project("{9A19103F-16F7-4668-BE54-9A1E7A4F7556}") = "Ex04", "Mid\Week04-1\Ex04\Ex04.csproj", "{087B42C4-83A7-4A31-8199-646AA4F93D0B}"
EndProject
Project("{9A19103F-16F7-4668-BE54-9A1E7A4F7556}") = "Ex05", "Mid\Week04-1\Ex05\Ex05.csproj", "{E5C8150C-8B84-41E2-8C5F-FDDEAEFC2E1C}"
EndProject
Project("{9A19103F-16F7-4668-BE54-9A1E7A4F7556}") = "Ex06", "Mid\Week04-1\Ex06\Ex06.csproj", "{1CEAB93B-E612-4F72-B4EF-44EC8956FCDC}"
EndProject
Project("{9A19103F-16F7-4668-BE54-9A1E7A4F7556}") = "Ex07", "Mid\Week04-1\Ex07\Ex07.csproj", "{909E9CA3-E6DB-4A8F-844D-2439017C2739}"
EndProject
Project("{9A19103F-16F7-4668-BE54-9A1E7A4F7556}") = "Ex08", "Mid\Week04-1\Ex08\Ex08.csproj", "{1C810EED-FF1F-4240-A9AF-81F32DB3B9DE}"
EndProject
Project("{2150E333-8FDC-42A3-9474-1A3956D46DE8}") = "Week05-1", "Week05-1", "{87B8C72E-24DC-49F5-842D-ADCBCD8B3FD5}"
EndProject
Project("{9A19103F-16F7-4668-BE54-9A1E7A4F7556}") = "Ex03", "Mid\Week05-1\Ex03\Ex03.csproj", "{59107CD1-770A-4B74-ABB6-94693600A5A8}"
EndProject
Project("{9A19103F-16F7-4668-BE54-9A1E7A4F7556}") = "Ex04", "Mid\Week05-1\Ex04\Ex04.csproj", "{6AE22245-929C-43E2-AF19-A7492958B1F2}"
EndProject
Project("{9A19103F-16F7-4668-BE54-9A1E7A4F7556}") = "Ex05", "Mid\Week05-1\Ex05\Ex05.csproj", "{60645E9A-3118-4D58-8BCB-716292FB8D2D}"
EndProject
Project("{9A19103F-16F7-4668-BE54-9A1E7A4F7556}") = "Ex06", "Mid\Week05-1\Ex06\Ex06.csproj", "{A4315BA8-88F3-4F63-B5BF-338D43531364}"
EndProject
Project("{9A19103F-16F7-4668-BE54-9A1E7A4F7556}") = "Ex07", "Mid\Week05-1\Ex07\Ex07.csproj", "{D8F4BA96-6AC2-4A19-A36A-F29BA121F9A2}"
EndProject
Project("{9A19103F-16F7-4668-BE54-9A1E7A4F7556}") = "Ex08", "Mid\Week05-1\Ex08\Ex08.csproj", "{94DB2C74-6B38-4C0A-B7CB-B70F7597F5B9}"
EndProject
Project("{9A19103F-16F7-4668-BE54-9A1E7A4F7556}") = "Ex09", "Mid\Week05-1\Ex09\Ex09.csproj", "{3DA58758-BFF1-44F3-A777-8AFBBF3BED5C}"
EndProject
Project("{2150E333-8FDC-42A3-9474-1A3956D46DE8}") = "Week06-1", "Week06-1", "{A41E9FFE-392E-4320-BD46-CF0722CB822B}"
EndProject
Project("{9A19103F-16F7-4668-BE54-9A1E7A4F7556}") = "Ex03", "Mid\Week06-1\Ex03\Ex03.csproj", "{0DDB5E13-4D87-4708-8FA8-59356421D72B}"
EndProject
Project("{9A19103F-16F7-4668-BE54-9A1E7A4F7556}") = "Ex04", "Mid\Week06-1\Ex04\Ex04.csproj", "{3746FDA2-3255-45A9-A0AF-DD445F8C9C53}"
EndProject
Project("{9A19103F-16F7-4668-BE54-9A1E7A4F7556}") = "Ex05", "Mid\Week06-1\Ex05\Ex05.csproj", "{34C18721-C8B1-4FD2-9FE5-121D6495D564}"
EndProject
Project("{9A19103F-16F7-4668-BE54-9A1E7A4F7556}") = "Ex06", "Mid\Week06-1\Ex06\Ex06.csproj", "{314EE9AC-5433-4CDF-A827-51526774F6EF}"
EndProject
Project("{9A19103F-16F7-4668-BE54-9A1E7A4F7556}") = "Ex07", "Mid\Week06-1\Ex07\Ex07.csproj", "{7A3BDD78-B3D5-44E6-A125-12006B96626D}"
EndProject
Project("{9A19103F-16F7-4668-BE54-9A1E7A4F7556}") = "Ex08", "Mid\Week06-1\Ex08\Ex08.csproj", "{60E642F3-2279-4D2C-85E8-B3C59854075B}"
EndProject
Project("{2150E333-8FDC-42A3-9474-1A3956D46DE8}") = "Week07-1", "Week07-1", "{6667C6AC-9280-4AA3-A331-6ACE3079DF82}"
EndProject
Project("{9A19103F-16F7-4668-BE54-9A1E7A4F7556}") = "Ex01", "Mid\Week07-1\Ex01\Ex01.csproj", "{D2AB85B8-E03D-4C28-92EA-DC2812BCC0DB}"
EndProject
Project("{9A19103F-16F7-4668-BE54-9A1E7A4F7556}") = "Ex02", "Mid\Week07-1\Ex02\Ex02.csproj", "{46FB9EB2-BDE1-441F-A8A7-4CCC2AD687A9}"
EndProject
Global
	GlobalSection(SolutionConfigurationPlatforms) = preSolution
		Debug|Any CPU = Debug|Any CPU
		Release|Any CPU = Release|Any CPU
	EndGlobalSection
	GlobalSection(ProjectConfigurationPlatforms) = postSolution
		{0C43759C-3ACF-43FD-B7D0-A03E75CDA760}.Debug|Any CPU.ActiveCfg = Debug|Any CPU
		{0C43759C-3ACF-43FD-B7D0-A03E75CDA760}.Debug|Any CPU.Build.0 = Debug|Any CPU
		{0C43759C-3ACF-43FD-B7D0-A03E75CDA760}.Release|Any CPU.ActiveCfg = Release|Any CPU
		{0C43759C-3ACF-43FD-B7D0-A03E75CDA760}.Release|Any CPU.Build.0 = Release|Any CPU
		{E4AA4D3D-CB77-463C-8F90-A13179E404A6}.Debug|Any CPU.ActiveCfg = Debug|Any CPU
		{E4AA4D3D-CB77-463C-8F90-A13179E404A6}.Debug|Any CPU.Build.0 = Debug|Any CPU
		{E4AA4D3D-CB77-463C-8F90-A13179E404A6}.Release|Any CPU.ActiveCfg = Release|Any CPU
		{E4AA4D3D-CB77-463C-8F90-A13179E404A6}.Release|Any CPU.Build.0 = Release|Any CPU
		{576DD78D-7A33-4921-8A97-938E8E199F77}.Debug|Any CPU.ActiveCfg = Debug|Any CPU
		{576DD78D-7A33-4921-8A97-938E8E199F77}.Debug|Any CPU.Build.0 = Debug|Any CPU
		{576DD78D-7A33-4921-8A97-938E8E199F77}.Release|Any CPU.ActiveCfg = Release|Any CPU
		{576DD78D-7A33-4921-8A97-938E8E199F77}.Release|Any CPU.Build.0 = Release|Any CPU
		{65BF972D-6D23-4A18-B6AD-73877E44635A}.Debug|Any CPU.ActiveCfg = Debug|Any CPU
		{65BF972D-6D23-4A18-B6AD-73877E44635A}.Debug|Any CPU.Build.0 = Debug|Any CPU
		{65BF972D-6D23-4A18-B6AD-73877E44635A}.Release|Any CPU.ActiveCfg = Release|Any CPU
		{65BF972D-6D23-4A18-B6AD-73877E44635A}.Release|Any CPU.Build.0 = Release|Any CPU
		{C6DA21B1-A542-4F72-93D1-4179B786714C}.Debug|Any CPU.ActiveCfg = Debug|Any CPU
		{C6DA21B1-A542-4F72-93D1-4179B786714C}.Debug|Any CPU.Build.0 = Debug|Any CPU
		{C6DA21B1-A542-4F72-93D1-4179B786714C}.Release|Any CPU.ActiveCfg = Release|Any CPU
		{C6DA21B1-A542-4F72-93D1-4179B786714C}.Release|Any CPU.Build.0 = Release|Any CPU
		{95D88CDA-3C83-449C-8B9A-348F5B62E105}.Debug|Any CPU.ActiveCfg = Debug|Any CPU
		{95D88CDA-3C83-449C-8B9A-348F5B62E105}.Debug|Any CPU.Build.0 = Debug|Any CPU
		{95D88CDA-3C83-449C-8B9A-348F5B62E105}.Release|Any CPU.ActiveCfg = Release|Any CPU
		{95D88CDA-3C83-449C-8B9A-348F5B62E105}.Release|Any CPU.Build.0 = Release|Any CPU
		{DA0FAACE-2680-44D5-817C-31515ED2C7AD}.Debug|Any CPU.ActiveCfg = Debug|Any CPU
		{DA0FAACE-2680-44D5-817C-31515ED2C7AD}.Debug|Any CPU.Build.0 = Debug|Any CPU
		{DA0FAACE-2680-44D5-817C-31515ED2C7AD}.Release|Any CPU.ActiveCfg = Release|Any CPU
		{DA0FAACE-2680-44D5-817C-31515ED2C7AD}.Release|Any CPU.Build.0 = Release|Any CPU
		{F27AB708-0D93-47B4-9DB2-3B5C9D3863BC}.Debug|Any CPU.ActiveCfg = Debug|Any CPU
		{F27AB708-0D93-47B4-9DB2-3B5C9D3863BC}.Debug|Any CPU.Build.0 = Debug|Any CPU
		{F27AB708-0D93-47B4-9DB2-3B5C9D3863BC}.Release|Any CPU.ActiveCfg = Release|Any CPU
		{F27AB708-0D93-47B4-9DB2-3B5C9D3863BC}.Release|Any CPU.Build.0 = Release|Any CPU
		{DA546D7D-F978-4D53-B3D8-66777C09CAB6}.Debug|Any CPU.ActiveCfg = Debug|Any CPU
		{DA546D7D-F978-4D53-B3D8-66777C09CAB6}.Debug|Any CPU.Build.0 = Debug|Any CPU
		{DA546D7D-F978-4D53-B3D8-66777C09CAB6}.Release|Any CPU.ActiveCfg = Release|Any CPU
		{DA546D7D-F978-4D53-B3D8-66777C09CAB6}.Release|Any CPU.Build.0 = Release|Any CPU
		{5BECF27D-9AB2-4546-B287-5872B014F1C3}.Debug|Any CPU.ActiveCfg = Debug|Any CPU
		{5BECF27D-9AB2-4546-B287-5872B014F1C3}.Debug|Any CPU.Build.0 = Debug|Any CPU
		{5BECF27D-9AB2-4546-B287-5872B014F1C3}.Release|Any CPU.ActiveCfg = Release|Any CPU
		{5BECF27D-9AB2-4546-B287-5872B014F1C3}.Release|Any CPU.Build.0 = Release|Any CPU
		{AF04976D-815E-4D79-BC7E-F31537BCA271}.Debug|Any CPU.ActiveCfg = Debug|Any CPU
		{AF04976D-815E-4D79-BC7E-F31537BCA271}.Debug|Any CPU.Build.0 = Debug|Any CPU
		{AF04976D-815E-4D79-BC7E-F31537BCA271}.Release|Any CPU.ActiveCfg = Release|Any CPU
		{AF04976D-815E-4D79-BC7E-F31537BCA271}.Release|Any CPU.Build.0 = Release|Any CPU
		{6FBE5D3D-4D49-4BB8-9C35-60D1324E90CD}.Debug|Any CPU.ActiveCfg = Debug|Any CPU
		{6FBE5D3D-4D49-4BB8-9C35-60D1324E90CD}.Debug|Any CPU.Build.0 = Debug|Any CPU
		{6FBE5D3D-4D49-4BB8-9C35-60D1324E90CD}.Release|Any CPU.ActiveCfg = Release|Any CPU
		{6FBE5D3D-4D49-4BB8-9C35-60D1324E90CD}.Release|Any CPU.Build.0 = Release|Any CPU
		{551A99DD-446C-4ED3-922E-02A5B96C66B7}.Debug|Any CPU.ActiveCfg = Debug|Any CPU
		{551A99DD-446C-4ED3-922E-02A5B96C66B7}.Debug|Any CPU.Build.0 = Debug|Any CPU
		{551A99DD-446C-4ED3-922E-02A5B96C66B7}.Release|Any CPU.ActiveCfg = Release|Any CPU
		{551A99DD-446C-4ED3-922E-02A5B96C66B7}.Release|Any CPU.Build.0 = Release|Any CPU
		{C017C815-EE5A-4CE0-A731-F1EFC61ADB28}.Debug|Any CPU.ActiveCfg = Debug|Any CPU
		{C017C815-EE5A-4CE0-A731-F1EFC61ADB28}.Debug|Any CPU.Build.0 = Debug|Any CPU
		{C017C815-EE5A-4CE0-A731-F1EFC61ADB28}.Release|Any CPU.ActiveCfg = Release|Any CPU
		{C017C815-EE5A-4CE0-A731-F1EFC61ADB28}.Release|Any CPU.Build.0 = Release|Any CPU
		{CC14EA7E-BE2C-4DC1-8D25-DA79CD43E54B}.Debug|Any CPU.ActiveCfg = Debug|Any CPU
		{CC14EA7E-BE2C-4DC1-8D25-DA79CD43E54B}.Debug|Any CPU.Build.0 = Debug|Any CPU
		{CC14EA7E-BE2C-4DC1-8D25-DA79CD43E54B}.Release|Any CPU.ActiveCfg = Release|Any CPU
		{CC14EA7E-BE2C-4DC1-8D25-DA79CD43E54B}.Release|Any CPU.Build.0 = Release|Any CPU
		{087B42C4-83A7-4A31-8199-646AA4F93D0B}.Debug|Any CPU.ActiveCfg = Debug|Any CPU
		{087B42C4-83A7-4A31-8199-646AA4F93D0B}.Debug|Any CPU.Build.0 = Debug|Any CPU
		{087B42C4-83A7-4A31-8199-646AA4F93D0B}.Release|Any CPU.ActiveCfg = Release|Any CPU
		{087B42C4-83A7-4A31-8199-646AA4F93D0B}.Release|Any CPU.Build.0 = Release|Any CPU
		{E5C8150C-8B84-41E2-8C5F-FDDEAEFC2E1C}.Debug|Any CPU.ActiveCfg = Debug|Any CPU
		{E5C8150C-8B84-41E2-8C5F-FDDEAEFC2E1C}.Debug|Any CPU.Build.0 = Debug|Any CPU
		{E5C8150C-8B84-41E2-8C5F-FDDEAEFC2E1C}.Release|Any CPU.ActiveCfg = Release|Any CPU
		{E5C8150C-8B84-41E2-8C5F-FDDEAEFC2E1C}.Release|Any CPU.Build.0 = Release|Any CPU
		{1CEAB93B-E612-4F72-B4EF-44EC8956FCDC}.Debug|Any CPU.ActiveCfg = Debug|Any CPU
		{1CEAB93B-E612-4F72-B4EF-44EC8956FCDC}.Debug|Any CPU.Build.0 = Debug|Any CPU
		{1CEAB93B-E612-4F72-B4EF-44EC8956FCDC}.Release|Any CPU.ActiveCfg = Release|Any CPU
		{1CEAB93B-E612-4F72-B4EF-44EC8956FCDC}.Release|Any CPU.Build.0 = Release|Any CPU
		{909E9CA3-E6DB-4A8F-844D-2439017C2739}.Debug|Any CPU.ActiveCfg = Debug|Any CPU
		{909E9CA3-E6DB-4A8F-844D-2439017C2739}.Debug|Any CPU.Build.0 = Debug|Any CPU
		{909E9CA3-E6DB-4A8F-844D-2439017C2739}.Release|Any CPU.ActiveCfg = Release|Any CPU
		{909E9CA3-E6DB-4A8F-844D-2439017C2739}.Release|Any CPU.Build.0 = Release|Any CPU
		{1C810EED-FF1F-4240-A9AF-81F32DB3B9DE}.Debug|Any CPU.ActiveCfg = Debug|Any CPU
		{1C810EED-FF1F-4240-A9AF-81F32DB3B9DE}.Debug|Any CPU.Build.0 = Debug|Any CPU
		{1C810EED-FF1F-4240-A9AF-81F32DB3B9DE}.Release|Any CPU.ActiveCfg = Release|Any CPU
		{1C810EED-FF1F-4240-A9AF-81F32DB3B9DE}.Release|Any CPU.Build.0 = Release|Any CPU
		{59107CD1-770A-4B74-ABB6-94693600A5A8}.Debug|Any CPU.ActiveCfg = Debug|Any CPU
		{59107CD1-770A-4B74-ABB6-94693600A5A8}.Debug|Any CPU.Build.0 = Debug|Any CPU
		{59107CD1-770A-4B74-ABB6-94693600A5A8}.Release|Any CPU.ActiveCfg = Release|Any CPU
		{59107CD1-770A-4B74-ABB6-94693600A5A8}.Release|Any CPU.Build.0 = Release|Any CPU
		{6AE22245-929C-43E2-AF19-A7492958B1F2}.Debug|Any CPU.ActiveCfg = Debug|Any CPU
		{6AE22245-929C-43E2-AF19-A7492958B1F2}.Debug|Any CPU.Build.0 = Debug|Any CPU
		{6AE22245-929C-43E2-AF19-A7492958B1F2}.Release|Any CPU.ActiveCfg = Release|Any CPU
		{6AE22245-929C-43E2-AF19-A7492958B1F2}.Release|Any CPU.Build.0 = Release|Any CPU
		{60645E9A-3118-4D58-8BCB-716292FB8D2D}.Debug|Any CPU.ActiveCfg = Debug|Any CPU
		{60645E9A-3118-4D58-8BCB-716292FB8D2D}.Debug|Any CPU.Build.0 = Debug|Any CPU
		{60645E9A-3118-4D58-8BCB-716292FB8D2D}.Release|Any CPU.ActiveCfg = Release|Any CPU
		{60645E9A-3118-4D58-8BCB-716292FB8D2D}.Release|Any CPU.Build.0 = Release|Any CPU
		{A4315BA8-88F3-4F63-B5BF-338D43531364}.Debug|Any CPU.ActiveCfg = Debug|Any CPU
		{A4315BA8-88F3-4F63-B5BF-338D43531364}.Debug|Any CPU.Build.0 = Debug|Any CPU
		{A4315BA8-88F3-4F63-B5BF-338D43531364}.Release|Any CPU.ActiveCfg = Release|Any CPU
		{A4315BA8-88F3-4F63-B5BF-338D43531364}.Release|Any CPU.Build.0 = Release|Any CPU
		{D8F4BA96-6AC2-4A19-A36A-F29BA121F9A2}.Debug|Any CPU.ActiveCfg = Debug|Any CPU
		{D8F4BA96-6AC2-4A19-A36A-F29BA121F9A2}.Debug|Any CPU.Build.0 = Debug|Any CPU
		{D8F4BA96-6AC2-4A19-A36A-F29BA121F9A2}.Release|Any CPU.ActiveCfg = Release|Any CPU
		{D8F4BA96-6AC2-4A19-A36A-F29BA121F9A2}.Release|Any CPU.Build.0 = Release|Any CPU
		{94DB2C74-6B38-4C0A-B7CB-B70F7597F5B9}.Debug|Any CPU.ActiveCfg = Debug|Any CPU
		{94DB2C74-6B38-4C0A-B7CB-B70F7597F5B9}.Debug|Any CPU.Build.0 = Debug|Any CPU
		{94DB2C74-6B38-4C0A-B7CB-B70F7597F5B9}.Release|Any CPU.ActiveCfg = Release|Any CPU
		{94DB2C74-6B38-4C0A-B7CB-B70F7597F5B9}.Release|Any CPU.Build.0 = Release|Any CPU
		{3DA58758-BFF1-44F3-A777-8AFBBF3BED5C}.Debug|Any CPU.ActiveCfg = Debug|Any CPU
		{3DA58758-BFF1-44F3-A777-8AFBBF3BED5C}.Debug|Any CPU.Build.0 = Debug|Any CPU
		{3DA58758-BFF1-44F3-A777-8AFBBF3BED5C}.Release|Any CPU.ActiveCfg = Release|Any CPU
		{3DA58758-BFF1-44F3-A777-8AFBBF3BED5C}.Release|Any CPU.Build.0 = Release|Any CPU
		{0DDB5E13-4D87-4708-8FA8-59356421D72B}.Debug|Any CPU.ActiveCfg = Debug|Any CPU
		{0DDB5E13-4D87-4708-8FA8-59356421D72B}.Debug|Any CPU.Build.0 = Debug|Any CPU
		{0DDB5E13-4D87-4708-8FA8-59356421D72B}.Release|Any CPU.ActiveCfg = Release|Any CPU
		{0DDB5E13-4D87-4708-8FA8-59356421D72B}.Release|Any CPU.Build.0 = Release|Any CPU
		{3746FDA2-3255-45A9-A0AF-DD445F8C9C53}.Debug|Any CPU.ActiveCfg = Debug|Any CPU
		{3746FDA2-3255-45A9-A0AF-DD445F8C9C53}.Debug|Any CPU.Build.0 = Debug|Any CPU
		{3746FDA2-3255-45A9-A0AF-DD445F8C9C53}.Release|Any CPU.ActiveCfg = Release|Any CPU
		{3746FDA2-3255-45A9-A0AF-DD445F8C9C53}.Release|Any CPU.Build.0 = Release|Any CPU
		{34C18721-C8B1-4FD2-9FE5-121D6495D564}.Debug|Any CPU.ActiveCfg = Debug|Any CPU
		{34C18721-C8B1-4FD2-9FE5-121D6495D564}.Debug|Any CPU.Build.0 = Debug|Any CPU
		{34C18721-C8B1-4FD2-9FE5-121D6495D564}.Release|Any CPU.ActiveCfg = Release|Any CPU
		{34C18721-C8B1-4FD2-9FE5-121D6495D564}.Release|Any CPU.Build.0 = Release|Any CPU
		{314EE9AC-5433-4CDF-A827-51526774F6EF}.Debug|Any CPU.ActiveCfg = Debug|Any CPU
		{314EE9AC-5433-4CDF-A827-51526774F6EF}.Debug|Any CPU.Build.0 = Debug|Any CPU
		{314EE9AC-5433-4CDF-A827-51526774F6EF}.Release|Any CPU.ActiveCfg = Release|Any CPU
		{314EE9AC-5433-4CDF-A827-51526774F6EF}.Release|Any CPU.Build.0 = Release|Any CPU
		{7A3BDD78-B3D5-44E6-A125-12006B96626D}.Debug|Any CPU.ActiveCfg = Debug|Any CPU
		{7A3BDD78-B3D5-44E6-A125-12006B96626D}.Debug|Any CPU.Build.0 = Debug|Any CPU
		{7A3BDD78-B3D5-44E6-A125-12006B96626D}.Release|Any CPU.ActiveCfg = Release|Any CPU
		{7A3BDD78-B3D5-44E6-A125-12006B96626D}.Release|Any CPU.Build.0 = Release|Any CPU
		{60E642F3-2279-4D2C-85E8-B3C59854075B}.Debug|Any CPU.ActiveCfg = Debug|Any CPU
		{60E642F3-2279-4D2C-85E8-B3C59854075B}.Debug|Any CPU.Build.0 = Debug|Any CPU
		{60E642F3-2279-4D2C-85E8-B3C59854075B}.Release|Any CPU.ActiveCfg = Release|Any CPU
		{60E642F3-2279-4D2C-85E8-B3C59854075B}.Release|Any CPU.Build.0 = Release|Any CPU
		{D2AB85B8-E03D-4C28-92EA-DC2812BCC0DB}.Debug|Any CPU.ActiveCfg = Debug|Any CPU
		{D2AB85B8-E03D-4C28-92EA-DC2812BCC0DB}.Debug|Any CPU.Build.0 = Debug|Any CPU
		{D2AB85B8-E03D-4C28-92EA-DC2812BCC0DB}.Release|Any CPU.ActiveCfg = Release|Any CPU
		{D2AB85B8-E03D-4C28-92EA-DC2812BCC0DB}.Release|Any CPU.Build.0 = Release|Any CPU
		{46FB9EB2-BDE1-441F-A8A7-4CCC2AD687A9}.Debug|Any CPU.ActiveCfg = Debug|Any CPU
		{46FB9EB2-BDE1-441F-A8A7-4CCC2AD687A9}.Debug|Any CPU.Build.0 = Debug|Any CPU
		{46FB9EB2-BDE1-441F-A8A7-4CCC2AD687A9}.Release|Any CPU.ActiveCfg = Release|Any CPU
		{46FB9EB2-BDE1-441F-A8A7-4CCC2AD687A9}.Release|Any CPU.Build.0 = Release|Any CPU
	EndGlobalSection
	GlobalSection(SolutionProperties) = preSolution
		HideSolutionNode = FALSE
	EndGlobalSection
	GlobalSection(NestedProjects) = preSolution
		{2FC3254F-38A2-42CC-BF5D-8E8F09087071} = {6A8148E0-EB68-4437-A47E-3B27FBE23CFD}
		{E4AA4D3D-CB77-463C-8F90-A13179E404A6} = {2FC3254F-38A2-42CC-BF5D-8E8F09087071}
		{9AE04E09-D5E8-424A-817C-2283A924C8B4} = {6A8148E0-EB68-4437-A47E-3B27FBE23CFD}
		{576DD78D-7A33-4921-8A97-938E8E199F77} = {9AE04E09-D5E8-424A-817C-2283A924C8B4}
		{65BF972D-6D23-4A18-B6AD-73877E44635A} = {9AE04E09-D5E8-424A-817C-2283A924C8B4}
		{C6DA21B1-A542-4F72-93D1-4179B786714C} = {9AE04E09-D5E8-424A-817C-2283A924C8B4}
		{322D0AF4-0AAB-4CAA-BA5E-B527A31C49BA} = {6A8148E0-EB68-4437-A47E-3B27FBE23CFD}
		{95D88CDA-3C83-449C-8B9A-348F5B62E105} = {322D0AF4-0AAB-4CAA-BA5E-B527A31C49BA}
		{DA0FAACE-2680-44D5-817C-31515ED2C7AD} = {322D0AF4-0AAB-4CAA-BA5E-B527A31C49BA}
		{F27AB708-0D93-47B4-9DB2-3B5C9D3863BC} = {322D0AF4-0AAB-4CAA-BA5E-B527A31C49BA}
		{DA546D7D-F978-4D53-B3D8-66777C09CAB6} = {322D0AF4-0AAB-4CAA-BA5E-B527A31C49BA}
		{5BECF27D-9AB2-4546-B287-5872B014F1C3} = {322D0AF4-0AAB-4CAA-BA5E-B527A31C49BA}
		{AF04976D-815E-4D79-BC7E-F31537BCA271} = {322D0AF4-0AAB-4CAA-BA5E-B527A31C49BA}
		{6FBE5D3D-4D49-4BB8-9C35-60D1324E90CD} = {322D0AF4-0AAB-4CAA-BA5E-B527A31C49BA}
		{551A99DD-446C-4ED3-922E-02A5B96C66B7} = {322D0AF4-0AAB-4CAA-BA5E-B527A31C49BA}
		{C017C815-EE5A-4CE0-A731-F1EFC61ADB28} = {322D0AF4-0AAB-4CAA-BA5E-B527A31C49BA}
		{E9EF9C4D-089A-4293-A616-7BC40C473DBA} = {6A8148E0-EB68-4437-A47E-3B27FBE23CFD}
		{CC14EA7E-BE2C-4DC1-8D25-DA79CD43E54B} = {E9EF9C4D-089A-4293-A616-7BC40C473DBA}
		{087B42C4-83A7-4A31-8199-646AA4F93D0B} = {E9EF9C4D-089A-4293-A616-7BC40C473DBA}
		{E5C8150C-8B84-41E2-8C5F-FDDEAEFC2E1C} = {E9EF9C4D-089A-4293-A616-7BC40C473DBA}
		{1CEAB93B-E612-4F72-B4EF-44EC8956FCDC} = {E9EF9C4D-089A-4293-A616-7BC40C473DBA}
		{909E9CA3-E6DB-4A8F-844D-2439017C2739} = {E9EF9C4D-089A-4293-A616-7BC40C473DBA}
		{1C810EED-FF1F-4240-A9AF-81F32DB3B9DE} = {E9EF9C4D-089A-4293-A616-7BC40C473DBA}
		{87B8C72E-24DC-49F5-842D-ADCBCD8B3FD5} = {6A8148E0-EB68-4437-A47E-3B27FBE23CFD}
		{59107CD1-770A-4B74-ABB6-94693600A5A8} = {87B8C72E-24DC-49F5-842D-ADCBCD8B3FD5}
		{6AE22245-929C-43E2-AF19-A7492958B1F2} = {87B8C72E-24DC-49F5-842D-ADCBCD8B3FD5}
		{60645E9A-3118-4D58-8BCB-716292FB8D2D} = {87B8C72E-24DC-49F5-842D-ADCBCD8B3FD5}
		{A4315BA8-88F3-4F63-B5BF-338D43531364} = {87B8C72E-24DC-49F5-842D-ADCBCD8B3FD5}
		{D8F4BA96-6AC2-4A19-A36A-F29BA121F9A2} = {87B8C72E-24DC-49F5-842D-ADCBCD8B3FD5}
		{94DB2C74-6B38-4C0A-B7CB-B70F7597F5B9} = {87B8C72E-24DC-49F5-842D-ADCBCD8B3FD5}
		{3DA58758-BFF1-44F3-A777-8AFBBF3BED5C} = {87B8C72E-24DC-49F5-842D-ADCBCD8B3FD5}
		{A41E9FFE-392E-4320-BD46-CF0722CB822B} = {6A8148E0-EB68-4437-A47E-3B27FBE23CFD}
		{0DDB5E13-4D87-4708-8FA8-59356421D72B} = {A41E9FFE-392E-4320-BD46-CF0722CB822B}
		{3746FDA2-3255-45A9-A0AF-DD445F8C9C53} = {A41E9FFE-392E-4320-BD46-CF0722CB822B}
		{34C18721-C8B1-4FD2-9FE5-121D6495D564} = {A41E9FFE-392E-4320-BD46-CF0722CB822B}
		{314EE9AC-5433-4CDF-A827-51526774F6EF} = {A41E9FFE-392E-4320-BD46-CF0722CB822B}
		{7A3BDD78-B3D5-44E6-A125-12006B96626D} = {A41E9FFE-392E-4320-BD46-CF0722CB822B}
		{60E642F3-2279-4D2C-85E8-B3C59854075B} = {A41E9FFE-392E-4320-BD46-CF0722CB822B}
		{6667C6AC-9280-4AA3-A331-6ACE3079DF82} = {6A8148E0-EB68-4437-A47E-3B27FBE23CFD}
		{D2AB85B8-E03D-4C28-92EA-DC2812BCC0DB} = {6667C6AC-9280-4AA3-A331-6ACE3079DF82}
		{46FB9EB2-BDE1-441F-A8A7-4CCC2AD687A9} = {6667C6AC-9280-4AA3-A331-6ACE3079DF82}
	EndGlobalSection
	GlobalSection(ExtensibilityGlobals) = postSolution
		SolutionGuid = {B5C1C5D0-F68A-42A3-AA54-036C09A2F4BE}
	EndGlobalSection
EndGlobal
