
Microsoft Visual Studio Solution File, Format Version 12.00
# Visual Studio Version 17
VisualStudioVersion = 17.10.34928.147
MinimumVisualStudioVersion = 10.0.40219.1
Project("{FAE04EC0-301F-11D3-BF4B-00C04F79EFBC}") = "Te03", "Te03.csproj", "{CBBE9AA0-30FD-48E5-B1CD-6C66189B83D8}"
EndProject
Global
	GlobalSection(SolutionConfigurationPlatforms) = preSolution
		Debug|Any CPU = Debug|Any CPU
		Release|Any CPU = Release|Any CPU
	EndGlobalSection
	GlobalSection(ProjectConfigurationPlatforms) = postSolution
		{CBBE9AA0-30FD-48E5-B1CD-6C66189B83D8}.Debug|Any CPU.ActiveCfg = Debug|Any CPU
		{CBBE9AA0-30FD-48E5-B1CD-6C66189B83D8}.Debug|Any CPU.Build.0 = Debug|Any CPU
		{CBBE9AA0-30FD-48E5-B1CD-6C66189B83D8}.Release|Any CPU.ActiveCfg = Release|Any CPU
		{CBBE9AA0-30FD-48E5-B1CD-6C66189B83D8}.Release|Any CPU.Build.0 = Release|Any CPU
	EndGlobalSection
	GlobalSection(SolutionProperties) = preSolution
		HideSolutionNode = FALSE
	EndGlobalSection
	GlobalSection(ExtensibilityGlobals) = postSolution
		SolutionGuid = {6F482BCA-824A-46E9-B05F-6BC17F6F2586}
	EndGlobalSection
EndGlobal
