
Microsoft Visual Studio Solution File, Format Version 12.00
# Visual Studio Version 17
VisualStudioVersion = 17.10.34928.147
MinimumVisualStudioVersion = 10.0.40219.1
Project("{FAE04EC0-301F-11D3-BF4B-00C04F79EFBC}") = "Te04", "Te04.csproj", "{84A751BE-CDD2-403C-9585-690683ED66B0}"
EndProject
Global
	GlobalSection(SolutionConfigurationPlatforms) = preSolution
		Debug|Any CPU = Debug|Any CPU
		Release|Any CPU = Release|Any CPU
	EndGlobalSection
	GlobalSection(ProjectConfigurationPlatforms) = postSolution
		{84A751BE-CDD2-403C-9585-690683ED66B0}.Debug|Any CPU.ActiveCfg = Debug|Any CPU
		{84A751BE-CDD2-403C-9585-690683ED66B0}.Debug|Any CPU.Build.0 = Debug|Any CPU
		{84A751BE-CDD2-403C-9585-690683ED66B0}.Release|Any CPU.ActiveCfg = Release|Any CPU
		{84A751BE-CDD2-403C-9585-690683ED66B0}.Release|Any CPU.Build.0 = Release|Any CPU
	EndGlobalSection
	GlobalSection(SolutionProperties) = preSolution
		HideSolutionNode = FALSE
	EndGlobalSection
	GlobalSection(ExtensibilityGlobals) = postSolution
		SolutionGuid = {A26943D4-DB80-4FD8-8A63-5EF20E541ED7}
	EndGlobalSection
EndGlobal
