
Microsoft Visual Studio Solution File, Format Version 12.00
# Visual Studio Version 17
VisualStudioVersion = 17.10.34928.147
MinimumVisualStudioVersion = 10.0.40219.1
Project("{FAE04EC0-301F-11D3-BF4B-00C04F79EFBC}") = "Pate", "Pate.csproj", "{4A81B858-E595-4356-BE11-B046D0D2BDDB}"
EndProject
Global
	GlobalSection(SolutionConfigurationPlatforms) = preSolution
		Debug|Any CPU = Debug|Any CPU
		Release|Any CPU = Release|Any CPU
	EndGlobalSection
	GlobalSection(ProjectConfigurationPlatforms) = postSolution
		{4A81B858-E595-4356-BE11-B046D0D2BDDB}.Debug|Any CPU.ActiveCfg = Debug|Any CPU
		{4A81B858-E595-4356-BE11-B046D0D2BDDB}.Debug|Any CPU.Build.0 = Debug|Any CPU
		{4A81B858-E595-4356-BE11-B046D0D2BDDB}.Release|Any CPU.ActiveCfg = Release|Any CPU
		{4A81B858-E595-4356-BE11-B046D0D2BDDB}.Release|Any CPU.Build.0 = Release|Any CPU
	EndGlobalSection
	GlobalSection(SolutionProperties) = preSolution
		HideSolutionNode = FALSE
	EndGlobalSection
	GlobalSection(ExtensibilityGlobals) = postSolution
		SolutionGuid = {0B60B242-7DA6-4858-8349-BB3096FB1F17}
	EndGlobalSection
EndGlobal
