
Microsoft Visual Studio Solution File, Format Version 12.00
# Visual Studio Version 17
VisualStudioVersion = 17.10.34928.147
MinimumVisualStudioVersion = 10.0.40219.1
Project("{FAE04EC0-301F-11D3-BF4B-00C04F79EFBC}") = "Re01", "Re01.csproj", "{0D5D9EB3-F807-49C9-A06F-7DAAFDD26B01}"
EndProject
Global
	GlobalSection(SolutionConfigurationPlatforms) = preSolution
		Debug|Any CPU = Debug|Any CPU
		Release|Any CPU = Release|Any CPU
	EndGlobalSection
	GlobalSection(ProjectConfigurationPlatforms) = postSolution
		{0D5D9EB3-F807-49C9-A06F-7DAAFDD26B01}.Debug|Any CPU.ActiveCfg = Debug|Any CPU
		{0D5D9EB3-F807-49C9-A06F-7DAAFDD26B01}.Debug|Any CPU.Build.0 = Debug|Any CPU
		{0D5D9EB3-F807-49C9-A06F-7DAAFDD26B01}.Release|Any CPU.ActiveCfg = Release|Any CPU
		{0D5D9EB3-F807-49C9-A06F-7DAAFDD26B01}.Release|Any CPU.Build.0 = Release|Any CPU
	EndGlobalSection
	GlobalSection(SolutionProperties) = preSolution
		HideSolutionNode = FALSE
	EndGlobalSection
	GlobalSection(ExtensibilityGlobals) = postSolution
		SolutionGuid = {AB14661C-77FA-4943-BE8D-A873D2376F5C}
	EndGlobalSection
EndGlobal
