
Microsoft Visual Studio Solution File, Format Version 12.00
# Visual Studio Version 17
VisualStudioVersion = 17.10.34928.147
MinimumVisualStudioVersion = 10.0.40219.1
Project("{FAE04EC0-301F-11D3-BF4B-00C04F79EFBC}") = "Te05", "Te05.csproj", "{157EE736-2BEF-4B8A-93B9-4AD1C2762519}"
EndProject
Global
	GlobalSection(SolutionConfigurationPlatforms) = preSolution
		Debug|Any CPU = Debug|Any CPU
		Release|Any CPU = Release|Any CPU
	EndGlobalSection
	GlobalSection(ProjectConfigurationPlatforms) = postSolution
		{157EE736-2BEF-4B8A-93B9-4AD1C2762519}.Debug|Any CPU.ActiveCfg = Debug|Any CPU
		{157EE736-2BEF-4B8A-93B9-4AD1C2762519}.Debug|Any CPU.Build.0 = Debug|Any CPU
		{157EE736-2BEF-4B8A-93B9-4AD1C2762519}.Release|Any CPU.ActiveCfg = Release|Any CPU
		{157EE736-2BEF-4B8A-93B9-4AD1C2762519}.Release|Any CPU.Build.0 = Release|Any CPU
	EndGlobalSection
	GlobalSection(SolutionProperties) = preSolution
		HideSolutionNode = FALSE
	EndGlobalSection
	GlobalSection(ExtensibilityGlobals) = postSolution
		SolutionGuid = {D9D1FB0C-2171-46ED-BDE4-4AE05A424AE9}
	EndGlobalSection
EndGlobal
