
Microsoft Visual Studio Solution File, Format Version 12.00
# Visual Studio Version 17
VisualStudioVersion = 17.10.34928.147
MinimumVisualStudioVersion = 10.0.40219.1
Project("{FAE04EC0-301F-11D3-BF4B-00C04F79EFBC}") = "Te02", "Te02.csproj", "{70EFCF54-4716-4EB4-8CD2-35CB21231BFB}"
EndProject
Global
	GlobalSection(SolutionConfigurationPlatforms) = preSolution
		Debug|Any CPU = Debug|Any CPU
		Release|Any CPU = Release|Any CPU
	EndGlobalSection
	GlobalSection(ProjectConfigurationPlatforms) = postSolution
		{70EFCF54-4716-4EB4-8CD2-35CB21231BFB}.Debug|Any CPU.ActiveCfg = Debug|Any CPU
		{70EFCF54-4716-4EB4-8CD2-35CB21231BFB}.Debug|Any CPU.Build.0 = Debug|Any CPU
		{70EFCF54-4716-4EB4-8CD2-35CB21231BFB}.Release|Any CPU.ActiveCfg = Release|Any CPU
		{70EFCF54-4716-4EB4-8CD2-35CB21231BFB}.Release|Any CPU.Build.0 = Release|Any CPU
	EndGlobalSection
	GlobalSection(SolutionProperties) = preSolution
		HideSolutionNode = FALSE
	EndGlobalSection
	GlobalSection(ExtensibilityGlobals) = postSolution
		SolutionGuid = {40C5781C-3163-46BA-88C1-194BD96311FF}
	EndGlobalSection
EndGlobal
